
Microsoft Visual Studio Solution File, Format Version 12.00
# Visual Studio Version 17
VisualStudioVersion = 17.0.31912.275
MinimumVisualStudioVersion = 10.0.40219.1
Project("{FAE04EC0-301F-11D3-BF4B-00C04F79EFBC}") = "UnitTesting", "UnitTesting\UnitTesting.csproj", "{9002D3CB-9982-42AD-94A4-FE176D7AADBB}"
EndProject
Project("{FAE04EC0-301F-11D3-BF4B-00C04F79EFBC}") = "BLL", "BLL\BLL.csproj", "{276A5761-9666-4405-A454-1BFA637FC428}"
EndProject
Project("{FAE04EC0-301F-11D3-BF4B-00C04F79EFBC}") = "BLL.Tests", "BLL.Tests\BLL.Tests.csproj", "{D581F2EC-6B62-413E-B313-8DFA43D6B1FF}"
EndProject
Global
	GlobalSection(SolutionConfigurationPlatforms) = preSolution
		Debug|Any CPU = Debug|Any CPU
		Release|Any CPU = Release|Any CPU
	EndGlobalSection
	GlobalSection(ProjectConfigurationPlatforms) = postSolution
		{9002D3CB-9982-42AD-94A4-FE176D7AADBB}.Debug|Any CPU.ActiveCfg = Debug|Any CPU
		{9002D3CB-9982-42AD-94A4-FE176D7AADBB}.Debug|Any CPU.Build.0 = Debug|Any CPU
		{9002D3CB-9982-42AD-94A4-FE176D7AADBB}.Release|Any CPU.ActiveCfg = Release|Any CPU
		{9002D3CB-9982-42AD-94A4-FE176D7AADBB}.Release|Any CPU.Build.0 = Release|Any CPU
		{276A5761-9666-4405-A454-1BFA637FC428}.Debug|Any CPU.ActiveCfg = Debug|Any CPU
		{276A5761-9666-4405-A454-1BFA637FC428}.Debug|Any CPU.Build.0 = Debug|Any CPU
		{276A5761-9666-4405-A454-1BFA637FC428}.Release|Any CPU.ActiveCfg = Release|Any CPU
		{276A5761-9666-4405-A454-1BFA637FC428}.Release|Any CPU.Build.0 = Release|Any CPU
		{D581F2EC-6B62-413E-B313-8DFA43D6B1FF}.Debug|Any CPU.ActiveCfg = Debug|Any CPU
		{D581F2EC-6B62-413E-B313-8DFA43D6B1FF}.Debug|Any CPU.Build.0 = Debug|Any CPU
		{D581F2EC-6B62-413E-B313-8DFA43D6B1FF}.Release|Any CPU.ActiveCfg = Release|Any CPU
		{D581F2EC-6B62-413E-B313-8DFA43D6B1FF}.Release|Any CPU.Build.0 = Release|Any CPU
	EndGlobalSection
	GlobalSection(SolutionProperties) = preSolution
		HideSolutionNode = FALSE
	EndGlobalSection
	GlobalSection(ExtensibilityGlobals) = postSolution
		SolutionGuid = {F811B567-EB6F-48EC-883D-61E61D684490}
	EndGlobalSection
EndGlobal
